
Microsoft Visual Studio Solution File, Format Version 12.00
# Visual Studio 14
VisualStudioVersion = 14.0.25420.1
MinimumVisualStudioVersion = 10.0.40219.1
Project("{FAE04EC0-301F-11D3-BF4B-00C04F79EFBC}") = "Consola", "Consola\Consola.csproj", "{13DF2811-61AF-4F4E-AB6D-69117D55950B}"
EndProject
Project("{FAE04EC0-301F-11D3-BF4B-00C04F79EFBC}") = "Entidades", "Entidades\Entidades.csproj", "{D20707D8-6EE8-46AD-B890-B6443DA22680}"
EndProject
Project("{FAE04EC0-301F-11D3-BF4B-00C04F79EFBC}") = "Negocio", "Negocio\Negocio.csproj", "{2686B45C-719A-4CD8-94B6-78C5FD46BF26}"
EndProject
Global
	GlobalSection(SolutionConfigurationPlatforms) = preSolution
		Debug|Any CPU = Debug|Any CPU
		Release|Any CPU = Release|Any CPU
	EndGlobalSection
	GlobalSection(ProjectConfigurationPlatforms) = postSolution
		{13DF2811-61AF-4F4E-AB6D-69117D55950B}.Debug|Any CPU.ActiveCfg = Debug|Any CPU
		{13DF2811-61AF-4F4E-AB6D-69117D55950B}.Debug|Any CPU.Build.0 = Debug|Any CPU
		{13DF2811-61AF-4F4E-AB6D-69117D55950B}.Release|Any CPU.ActiveCfg = Release|Any CPU
		{13DF2811-61AF-4F4E-AB6D-69117D55950B}.Release|Any CPU.Build.0 = Release|Any CPU
		{D20707D8-6EE8-46AD-B890-B6443DA22680}.Debug|Any CPU.ActiveCfg = Debug|Any CPU
		{D20707D8-6EE8-46AD-B890-B6443DA22680}.Debug|Any CPU.Build.0 = Debug|Any CPU
		{D20707D8-6EE8-46AD-B890-B6443DA22680}.Release|Any CPU.ActiveCfg = Release|Any CPU
		{D20707D8-6EE8-46AD-B890-B6443DA22680}.Release|Any CPU.Build.0 = Release|Any CPU
		{2686B45C-719A-4CD8-94B6-78C5FD46BF26}.Debug|Any CPU.ActiveCfg = Debug|Any CPU
		{2686B45C-719A-4CD8-94B6-78C5FD46BF26}.Debug|Any CPU.Build.0 = Debug|Any CPU
		{2686B45C-719A-4CD8-94B6-78C5FD46BF26}.Release|Any CPU.ActiveCfg = Release|Any CPU
		{2686B45C-719A-4CD8-94B6-78C5FD46BF26}.Release|Any CPU.Build.0 = Release|Any CPU
	EndGlobalSection
	GlobalSection(SolutionProperties) = preSolution
		HideSolutionNode = FALSE
	EndGlobalSection
EndGlobal
